
Microsoft Visual Studio Solution File, Format Version 12.00
# Visual Studio Version 17
VisualStudioVersion = 17.7.34031.279
MinimumVisualStudioVersion = 10.0.40219.1
Project("{9A19103F-16F7-4668-BE54-9A1E7A4F7556}") = "CalamityOverhaul", "CalamityOverhaul.csproj", "{4D2D65C9-33C8-4A18-BA4E-EBAC0656CF36}"
EndProject
Global
	GlobalSection(SolutionConfigurationPlatforms) = preSolution
		Debug|Any CPU = Debug|Any CPU
		Release|Any CPU = Release|Any CPU
	EndGlobalSection
	GlobalSection(ProjectConfigurationPlatforms) = postSolution
		{4D2D65C9-33C8-4A18-BA4E-EBAC0656CF36}.Debug|Any CPU.ActiveCfg = Debug|Any CPU
		{4D2D65C9-33C8-4A18-BA4E-EBAC0656CF36}.Debug|Any CPU.Build.0 = Debug|Any CPU
		{4D2D65C9-33C8-4A18-BA4E-EBAC0656CF36}.Release|Any CPU.ActiveCfg = Release|Any CPU
		{4D2D65C9-33C8-4A18-BA4E-EBAC0656CF36}.Release|Any CPU.Build.0 = Release|Any CPU
	EndGlobalSection
	GlobalSection(SolutionProperties) = preSolution
		HideSolutionNode = FALSE
	EndGlobalSection
	GlobalSection(ExtensibilityGlobals) = postSolution
		SolutionGuid = {04AC946C-3B4F-4CC2-AF97-A580A4C08C28}
	EndGlobalSection
EndGlobal
